
Microsoft Visual Studio Solution File, Format Version 12.00
# Visual Studio 15
VisualStudioVersion = 15.0.27130.2003
MinimumVisualStudioVersion = 10.0.40219.1
Project("{FAE04EC0-301F-11D3-BF4B-00C04F79EFBC}") = "Lab1", "Lab1\Lab1.csproj", "{6CB61511-62A3-4919-8D4C-8E203C14A3D9}"
EndProject
Global
	GlobalSection(SolutionConfigurationPlatforms) = preSolution
		Debug|Any CPU = Debug|Any CPU
		Release|Any CPU = Release|Any CPU
	EndGlobalSection
	GlobalSection(ProjectConfigurationPlatforms) = postSolution
		{6CB61511-62A3-4919-8D4C-8E203C14A3D9}.Debug|Any CPU.ActiveCfg = Debug|Any CPU
		{6CB61511-62A3-4919-8D4C-8E203C14A3D9}.Debug|Any CPU.Build.0 = Debug|Any CPU
		{6CB61511-62A3-4919-8D4C-8E203C14A3D9}.Release|Any CPU.ActiveCfg = Release|Any CPU
		{6CB61511-62A3-4919-8D4C-8E203C14A3D9}.Release|Any CPU.Build.0 = Release|Any CPU
	EndGlobalSection
	GlobalSection(SolutionProperties) = preSolution
		HideSolutionNode = FALSE
	EndGlobalSection
	GlobalSection(ExtensibilityGlobals) = postSolution
		SolutionGuid = {CACAF750-1490-4C49-833A-28B0B4EC6E2B}
	EndGlobalSection
EndGlobal
